
Microsoft Visual Studio Solution File, Format Version 12.00
# Visual Studio Version 17
VisualStudioVersion = 17.0.31903.59
MinimumVisualStudioVersion = 10.0.40219.1
Project("{FAE04EC0-301F-11D3-BF4B-00C04F79EFBC}") = "ServiceDesk.Api", "ServiceDesk.Api\ServiceDesk.Api.csproj", "{BC8C05D3-9521-41D7-B952-37068BAA6C86}"
EndProject
Project("{FAE04EC0-301F-11D3-BF4B-00C04F79EFBC}") = "ServiceDesk.Application", "ServiceDesk.Application\ServiceDesk.Application.csproj", "{13A4C898-1857-4761-9312-14152AF0B177}"
EndProject
Project("{FAE04EC0-301F-11D3-BF4B-00C04F79EFBC}") = "ServiceDesk.Domain", "ServiceDesk.Domain\ServiceDesk.Domain.csproj", "{F78527ED-8940-4407-A0E3-3170A10F7EB0}"
EndProject
Project("{FAE04EC0-301F-11D3-BF4B-00C04F79EFBC}") = "ServiceDesk.Infrastructure", "ServiceDesk.Infrastructure\ServiceDesk.Infrastructure.csproj", "{6F991872-DB5E-4E35-9D3A-376FF9C28FD8}"
EndProject
Project("{FAE04EC0-301F-11D3-BF4B-00C04F79EFBC}") = "ServiceDesk.Persistence", "ServiceDesk.Persistence\ServiceDesk.Persistence.csproj", "{5F677BB6-E522-454C-B357-0D930B4AE60E}"
EndProject
Project("{FAE04EC0-301F-11D3-BF4B-00C04F79EFBC}") = "ServiceDesk.Tests", "ServiceDesk.Tests\ServiceDesk.Tests.csproj", "{4844FE81-0FC7-454F-AF5A-24D766EC9168}"
EndProject
Global
	GlobalSection(SolutionConfigurationPlatforms) = preSolution
		Debug|Any CPU = Debug|Any CPU
		Debug|x64 = Debug|x64
		Debug|x86 = Debug|x86
		Release|Any CPU = Release|Any CPU
		Release|x64 = Release|x64
		Release|x86 = Release|x86
	EndGlobalSection
	GlobalSection(ProjectConfigurationPlatforms) = postSolution
		{BC8C05D3-9521-41D7-B952-37068BAA6C86}.Debug|Any CPU.ActiveCfg = Debug|Any CPU
		{BC8C05D3-9521-41D7-B952-37068BAA6C86}.Debug|Any CPU.Build.0 = Debug|Any CPU
		{BC8C05D3-9521-41D7-B952-37068BAA6C86}.Debug|x64.ActiveCfg = Debug|Any CPU
		{BC8C05D3-9521-41D7-B952-37068BAA6C86}.Debug|x64.Build.0 = Debug|Any CPU
		{BC8C05D3-9521-41D7-B952-37068BAA6C86}.Debug|x86.ActiveCfg = Debug|Any CPU
		{BC8C05D3-9521-41D7-B952-37068BAA6C86}.Debug|x86.Build.0 = Debug|Any CPU
		{BC8C05D3-9521-41D7-B952-37068BAA6C86}.Release|Any CPU.ActiveCfg = Release|Any CPU
		{BC8C05D3-9521-41D7-B952-37068BAA6C86}.Release|Any CPU.Build.0 = Release|Any CPU
		{BC8C05D3-9521-41D7-B952-37068BAA6C86}.Release|x64.ActiveCfg = Release|Any CPU
		{BC8C05D3-9521-41D7-B952-37068BAA6C86}.Release|x64.Build.0 = Release|Any CPU
		{BC8C05D3-9521-41D7-B952-37068BAA6C86}.Release|x86.ActiveCfg = Release|Any CPU
		{BC8C05D3-9521-41D7-B952-37068BAA6C86}.Release|x86.Build.0 = Release|Any CPU
		{13A4C898-1857-4761-9312-14152AF0B177}.Debug|Any CPU.ActiveCfg = Debug|Any CPU
		{13A4C898-1857-4761-9312-14152AF0B177}.Debug|Any CPU.Build.0 = Debug|Any CPU
		{13A4C898-1857-4761-9312-14152AF0B177}.Debug|x64.ActiveCfg = Debug|Any CPU
		{13A4C898-1857-4761-9312-14152AF0B177}.Debug|x64.Build.0 = Debug|Any CPU
		{13A4C898-1857-4761-9312-14152AF0B177}.Debug|x86.ActiveCfg = Debug|Any CPU
		{13A4C898-1857-4761-9312-14152AF0B177}.Debug|x86.Build.0 = Debug|Any CPU
		{13A4C898-1857-4761-9312-14152AF0B177}.Release|Any CPU.ActiveCfg = Release|Any CPU
		{13A4C898-1857-4761-9312-14152AF0B177}.Release|Any CPU.Build.0 = Release|Any CPU
		{13A4C898-1857-4761-9312-14152AF0B177}.Release|x64.ActiveCfg = Release|Any CPU
		{13A4C898-1857-4761-9312-14152AF0B177}.Release|x64.Build.0 = Release|Any CPU
		{13A4C898-1857-4761-9312-14152AF0B177}.Release|x86.ActiveCfg = Release|Any CPU
		{13A4C898-1857-4761-9312-14152AF0B177}.Release|x86.Build.0 = Release|Any CPU
		{F78527ED-8940-4407-A0E3-3170A10F7EB0}.Debug|Any CPU.ActiveCfg = Debug|Any CPU
		{F78527ED-8940-4407-A0E3-3170A10F7EB0}.Debug|Any CPU.Build.0 = Debug|Any CPU
		{F78527ED-8940-4407-A0E3-3170A10F7EB0}.Debug|x64.ActiveCfg = Debug|Any CPU
		{F78527ED-8940-4407-A0E3-3170A10F7EB0}.Debug|x64.Build.0 = Debug|Any CPU
		{F78527ED-8940-4407-A0E3-3170A10F7EB0}.Debug|x86.ActiveCfg = Debug|Any CPU
		{F78527ED-8940-4407-A0E3-3170A10F7EB0}.Debug|x86.Build.0 = Debug|Any CPU
		{F78527ED-8940-4407-A0E3-3170A10F7EB0}.Release|Any CPU.ActiveCfg = Release|Any CPU
		{F78527ED-8940-4407-A0E3-3170A10F7EB0}.Release|Any CPU.Build.0 = Release|Any CPU
		{F78527ED-8940-4407-A0E3-3170A10F7EB0}.Release|x64.ActiveCfg = Release|Any CPU
		{F78527ED-8940-4407-A0E3-3170A10F7EB0}.Release|x64.Build.0 = Release|Any CPU
		{F78527ED-8940-4407-A0E3-3170A10F7EB0}.Release|x86.ActiveCfg = Release|Any CPU
		{F78527ED-8940-4407-A0E3-3170A10F7EB0}.Release|x86.Build.0 = Release|Any CPU
		{6F991872-DB5E-4E35-9D3A-376FF9C28FD8}.Debug|Any CPU.ActiveCfg = Debug|Any CPU
		{6F991872-DB5E-4E35-9D3A-376FF9C28FD8}.Debug|Any CPU.Build.0 = Debug|Any CPU
		{6F991872-DB5E-4E35-9D3A-376FF9C28FD8}.Debug|x64.ActiveCfg = Debug|Any CPU
		{6F991872-DB5E-4E35-9D3A-376FF9C28FD8}.Debug|x64.Build.0 = Debug|Any CPU
		{6F991872-DB5E-4E35-9D3A-376FF9C28FD8}.Debug|x86.ActiveCfg = Debug|Any CPU
		{6F991872-DB5E-4E35-9D3A-376FF9C28FD8}.Debug|x86.Build.0 = Debug|Any CPU
		{6F991872-DB5E-4E35-9D3A-376FF9C28FD8}.Release|Any CPU.ActiveCfg = Release|Any CPU
		{6F991872-DB5E-4E35-9D3A-376FF9C28FD8}.Release|Any CPU.Build.0 = Release|Any CPU
		{6F991872-DB5E-4E35-9D3A-376FF9C28FD8}.Release|x64.ActiveCfg = Release|Any CPU
		{6F991872-DB5E-4E35-9D3A-376FF9C28FD8}.Release|x64.Build.0 = Release|Any CPU
		{6F991872-DB5E-4E35-9D3A-376FF9C28FD8}.Release|x86.ActiveCfg = Release|Any CPU
		{6F991872-DB5E-4E35-9D3A-376FF9C28FD8}.Release|x86.Build.0 = Release|Any CPU
		{5F677BB6-E522-454C-B357-0D930B4AE60E}.Debug|Any CPU.ActiveCfg = Debug|Any CPU
		{5F677BB6-E522-454C-B357-0D930B4AE60E}.Debug|Any CPU.Build.0 = Debug|Any CPU
		{5F677BB6-E522-454C-B357-0D930B4AE60E}.Debug|x64.ActiveCfg = Debug|Any CPU
		{5F677BB6-E522-454C-B357-0D930B4AE60E}.Debug|x64.Build.0 = Debug|Any CPU
		{5F677BB6-E522-454C-B357-0D930B4AE60E}.Debug|x86.ActiveCfg = Debug|Any CPU
		{5F677BB6-E522-454C-B357-0D930B4AE60E}.Debug|x86.Build.0 = Debug|Any CPU
		{5F677BB6-E522-454C-B357-0D930B4AE60E}.Release|Any CPU.ActiveCfg = Release|Any CPU
		{5F677BB6-E522-454C-B357-0D930B4AE60E}.Release|Any CPU.Build.0 = Release|Any CPU
		{5F677BB6-E522-454C-B357-0D930B4AE60E}.Release|x64.ActiveCfg = Release|Any CPU
		{5F677BB6-E522-454C-B357-0D930B4AE60E}.Release|x64.Build.0 = Release|Any CPU
		{5F677BB6-E522-454C-B357-0D930B4AE60E}.Release|x86.ActiveCfg = Release|Any CPU
		{5F677BB6-E522-454C-B357-0D930B4AE60E}.Release|x86.Build.0 = Release|Any CPU
		{4844FE81-0FC7-454F-AF5A-24D766EC9168}.Debug|Any CPU.ActiveCfg = Debug|Any CPU
		{4844FE81-0FC7-454F-AF5A-24D766EC9168}.Debug|Any CPU.Build.0 = Debug|Any CPU
		{4844FE81-0FC7-454F-AF5A-24D766EC9168}.Debug|x64.ActiveCfg = Debug|Any CPU
		{4844FE81-0FC7-454F-AF5A-24D766EC9168}.Debug|x64.Build.0 = Debug|Any CPU
		{4844FE81-0FC7-454F-AF5A-24D766EC9168}.Debug|x86.ActiveCfg = Debug|Any CPU
		{4844FE81-0FC7-454F-AF5A-24D766EC9168}.Debug|x86.Build.0 = Debug|Any CPU
		{4844FE81-0FC7-454F-AF5A-24D766EC9168}.Release|Any CPU.ActiveCfg = Release|Any CPU
		{4844FE81-0FC7-454F-AF5A-24D766EC9168}.Release|Any CPU.Build.0 = Release|Any CPU
		{4844FE81-0FC7-454F-AF5A-24D766EC9168}.Release|x64.ActiveCfg = Release|Any CPU
		{4844FE81-0FC7-454F-AF5A-24D766EC9168}.Release|x64.Build.0 = Release|Any CPU
		{4844FE81-0FC7-454F-AF5A-24D766EC9168}.Release|x86.ActiveCfg = Release|Any CPU
		{4844FE81-0FC7-454F-AF5A-24D766EC9168}.Release|x86.Build.0 = Release|Any CPU
	EndGlobalSection
	GlobalSection(SolutionProperties) = preSolution
		HideSolutionNode = FALSE
	EndGlobalSection
EndGlobal
